<?xml version="1.0" encoding="utf-8"?>
<Project ToolsVersion="4.0" xmlns="http://schemas.microsoft.com/developer/msbuild/2003">
  <ItemGroup>
    <ClCompile Include="Framework.cpp" />
    <ClCompile Include="Renders\Context.cpp">
      <Filter>Renders</Filter>
    </ClCompile>
    <ClCompile Include="Renders\Shader.cpp">
      <Filter>Renders</Filter>
    </ClCompile>
    <ClCompile Include="Renders\Texture.cpp">
      <Filter>Renders</Filter>
    </ClCompile>
    <ClCompile Include="Systems\D3D.cpp">
      <Filter>Systems</Filter>
    </ClCompile>
    <ClCompile Include="Systems\Gui.cpp">
      <Filter>Systems</Filter>
    </ClCompile>
    <ClCompile Include="Systems\Keyboard.cpp">
      <Filter>Systems</Filter>
    </ClCompile>
    <ClCompile Include="Systems\Mouse.cpp">
      <Filter>Systems</Filter>
    </ClCompile>
    <ClCompile Include="Systems\Time.cpp">
      <Filter>Systems</Filter>
    </ClCompile>
    <ClCompile Include="Systems\Window.cpp">
      <Filter>Systems</Filter>
    </ClCompile>
    <ClCompile Include="Utilities\BinaryFile.cpp">
      <Filter>Utilities</Filter>
    </ClCompile>
    <ClCompile Include="Utilities\Math.cpp">
      <Filter>Utilities</Filter>
    </ClCompile>
    <ClCompile Include="Utilities\Path.cpp">
      <Filter>Utilities</Filter>
    </ClCompile>
    <ClCompile Include="Utilities\String.cpp">
      <Filter>Utilities</Filter>
    </ClCompile>
    <ClCompile Include="Utilities\Xml.cpp">
      <Filter>Utilities</Filter>
    </ClCompile>
    <ClCompile Include="Viewer\Orthographic.cpp">
      <Filter>Viewer</Filter>
    </ClCompile>
    <ClCompile Include="Viewer\Perspective.cpp">
      <Filter>Viewer</Filter>
    </ClCompile>
    <ClCompile Include="Viewer\Projection.cpp">
      <Filter>Viewer</Filter>
    </ClCompile>
    <ClCompile Include="Viewer\Viewport.cpp">
      <Filter>Viewer</Filter>
    </ClCompile>
    <ClCompile Include="Viewer\Camera.cpp">
      <Filter>Viewer</Filter>
    </ClCompile>
    <ClCompile Include="Viewer\Freedom.cpp">
      <Filter>Viewer</Filter>
    </ClCompile>
    <ClCompile Include="Environment\Terrain.cpp">
      <Filter>Environment</Filter>
    </ClCompile>
    <ClCompile Include="Renders\DebugLine.cpp">
      <Filter>Renders</Filter>
    </ClCompile>
    <ClCompile Include="Meshes\Mesh.cpp">
      <Filter>Meshes</Filter>
    </ClCompile>
    <ClCompile Include="Meshes\MeshQuad.cpp">
      <Filter>Meshes</Filter>
    </ClCompile>
    <ClCompile Include="Meshes\MeshPlane.cpp">
      <Filter>Meshes</Filter>
    </ClCompile>
    <ClCompile Include="Meshes\MeshCube.cpp">
      <Filter>Meshes</Filter>
    </ClCompile>
    <ClCompile Include="Meshes\MeshCylinder.cpp">
      <Filter>Meshes</Filter>
    </ClCompile>
    <ClCompile Include="Meshes\MeshSphere.cpp">
      <Filter>Meshes</Filter>
    </ClCompile>
    <ClCompile Include="Objects\CubeMap.cpp">
      <Filter>Objects</Filter>
    </ClCompile>
    <ClCompile Include="Environment\CubeSky.cpp">
      <Filter>Environment</Filter>
    </ClCompile>
    <ClCompile Include="Renders\Buffers.cpp">
      <Filter>Renders</Filter>
    </ClCompile>
    <ClCompile Include="Renders\Transform.cpp">
      <Filter>Renders</Filter>
    </ClCompile>
    <ClCompile Include="Renders\PerFrame.cpp">
      <Filter>Renders</Filter>
    </ClCompile>
    <ClCompile Include="Renders\Renderer.cpp">
      <Filter>Renders</Filter>
    </ClCompile>
    <ClCompile Include="Model\Model.cpp">
      <Filter>Model</Filter>
    </ClCompile>
    <ClCompile Include="Model\ModelMesh.cpp">
      <Filter>Model</Filter>
    </ClCompile>
    <ClCompile Include="Model\ModelRender.cpp">
      <Filter>Model</Filter>
    </ClCompile>
    <ClCompile Include="Renders\Material.cpp">
      <Filter>Renders</Filter>
    </ClCompile>
    <ClCompile Include="Model\ModelClip.cpp">
      <Filter>Model</Filter>
    </ClCompile>
    <ClCompile Include="Model\ModelAnimator.cpp">
      <Filter>Model</Filter>
    </ClCompile>
  </ItemGroup>
  <ItemGroup>
    <Filter Include="Renders">
      <UniqueIdentifier>{77611a15-f6b5-4ed4-9bd4-df273ced35b9}</UniqueIdentifier>
    </Filter>
    <Filter Include="Systems">
      <UniqueIdentifier>{d88a3e54-3760-4025-bbe0-bdc8a098af54}</UniqueIdentifier>
    </Filter>
    <Filter Include="Utilities">
      <UniqueIdentifier>{057b17ac-f128-4241-84dd-29f5417c6827}</UniqueIdentifier>
    </Filter>
    <Filter Include="Viewer">
      <UniqueIdentifier>{ec8269a0-9018-45a5-8c46-7bfeb68c4c3d}</UniqueIdentifier>
    </Filter>
    <Filter Include="Environment">
      <UniqueIdentifier>{50007ca3-ceac-4cd7-a31f-eb51e1e95e07}</UniqueIdentifier>
    </Filter>
    <Filter Include="Meshes">
      <UniqueIdentifier>{9a5bae92-0de5-4ed4-b386-9307706f9d34}</UniqueIdentifier>
    </Filter>
    <Filter Include="Objects">
      <UniqueIdentifier>{2db3c3ff-5312-478a-81b2-4bd1dd07093c}</UniqueIdentifier>
    </Filter>
    <Filter Include="Model">
      <UniqueIdentifier>{0d5bf85d-d50c-4476-8fe1-e030f5459e5b}</UniqueIdentifier>
    </Filter>
  </ItemGroup>
  <ItemGroup>
    <ClInclude Include="Renders\Context.h">
      <Filter>Renders</Filter>
    </ClInclude>
    <ClInclude Include="Renders\Shader.h">
      <Filter>Renders</Filter>
    </ClInclude>
    <ClInclude Include="Renders\Texture.h">
      <Filter>Renders</Filter>
    </ClInclude>
    <ClInclude Include="Systems\D3D.h">
      <Filter>Systems</Filter>
    </ClInclude>
    <ClInclude Include="Systems\Gui.h">
      <Filter>Systems</Filter>
    </ClInclude>
    <ClInclude Include="Systems\IExecute.h">
      <Filter>Systems</Filter>
    </ClInclude>
    <ClInclude Include="Systems\Keyboard.h">
      <Filter>Systems</Filter>
    </ClInclude>
    <ClInclude Include="Systems\Mouse.h">
      <Filter>Systems</Filter>
    </ClInclude>
    <ClInclude Include="Systems\Time.h">
      <Filter>Systems</Filter>
    </ClInclude>
    <ClInclude Include="Systems\Window.h">
      <Filter>Systems</Filter>
    </ClInclude>
    <ClInclude Include="Utilities\BinaryFile.h">
      <Filter>Utilities</Filter>
    </ClInclude>
    <ClInclude Include="Utilities\Math.h">
      <Filter>Utilities</Filter>
    </ClInclude>
    <ClInclude Include="Utilities\Path.h">
      <Filter>Utilities</Filter>
    </ClInclude>
    <ClInclude Include="Utilities\String.h">
      <Filter>Utilities</Filter>
    </ClInclude>
    <ClInclude Include="Utilities\Xml.h">
      <Filter>Utilities</Filter>
    </ClInclude>
    <ClInclude Include="Viewer\Orthographic.h">
      <Filter>Viewer</Filter>
    </ClInclude>
    <ClInclude Include="Viewer\Perspective.h">
      <Filter>Viewer</Filter>
    </ClInclude>
    <ClInclude Include="Viewer\Projection.h">
      <Filter>Viewer</Filter>
    </ClInclude>
    <ClInclude Include="Viewer\Viewport.h">
      <Filter>Viewer</Filter>
    </ClInclude>
    <ClInclude Include="Framework.h" />
    <ClInclude Include="Viewer\Camera.h">
      <Filter>Viewer</Filter>
    </ClInclude>
    <ClInclude Include="Viewer\Freedom.h">
      <Filter>Viewer</Filter>
    </ClInclude>
    <ClInclude Include="Environment\Terrain.h">
      <Filter>Environment</Filter>
    </ClInclude>
    <ClInclude Include="Renders\DebugLine.h">
      <Filter>Renders</Filter>
    </ClInclude>
    <ClInclude Include="Meshes\Mesh.h">
      <Filter>Meshes</Filter>
    </ClInclude>
    <ClInclude Include="Meshes\MeshQuad.h">
      <Filter>Meshes</Filter>
    </ClInclude>
    <ClInclude Include="Meshes\MeshPlane.h">
      <Filter>Meshes</Filter>
    </ClInclude>
    <ClInclude Include="Meshes\MeshCube.h">
      <Filter>Meshes</Filter>
    </ClInclude>
    <ClInclude Include="Meshes\MeshCylinder.h">
      <Filter>Meshes</Filter>
    </ClInclude>
    <ClInclude Include="Meshes\MeshSphere.h">
      <Filter>Meshes</Filter>
    </ClInclude>
    <ClInclude Include="Objects\CubeMap.h">
      <Filter>Objects</Filter>
    </ClInclude>
    <ClInclude Include="Environment\CubeSky.h">
      <Filter>Environment</Filter>
    </ClInclude>
    <ClInclude Include="Renders\Buffers.h">
      <Filter>Renders</Filter>
    </ClInclude>
    <ClInclude Include="Renders\Transform.h">
      <Filter>Renders</Filter>
    </ClInclude>
    <ClInclude Include="Renders\PerFrame.h">
      <Filter>Renders</Filter>
    </ClInclude>
    <ClInclude Include="Renders\Renderer.h">
      <Filter>Renders</Filter>
    </ClInclude>
    <ClInclude Include="Model\Model.h">
      <Filter>Model</Filter>
    </ClInclude>
    <ClInclude Include="Model\ModelMesh.h">
      <Filter>Model</Filter>
    </ClInclude>
    <ClInclude Include="Model\ModelRender.h">
      <Filter>Model</Filter>
    </ClInclude>
    <ClInclude Include="Renders\Material.h">
      <Filter>Renders</Filter>
    </ClInclude>
    <ClInclude Include="Model\ModelClip.h">
      <Filter>Model</Filter>
    </ClInclude>
    <ClInclude Include="Model\ModelAnimator.h">
      <Filter>Model</Filter>
    </ClInclude>
  </ItemGroup>
</Project>