<?xml version="1.0" encoding="utf-8"?>
<Project ToolsVersion="4.0" xmlns="http://schemas.microsoft.com/developer/msbuild/2003">
  <ItemGroup>
    <ClCompile Include="Main.cpp" />
    <ClCompile Include="stdafx.cpp" />
    <ClCompile Include="Converter.cpp">
      <Filter>Converter</Filter>
    </ClCompile>
    <ClCompile Include="ExportFile.cpp">
      <Filter>Demo</Filter>
    </ClCompile>
    <ClCompile Include="ModelDemo.cpp">
      <Filter>Demo</Filter>
    </ClCompile>
    <ClCompile Include="AnimationDemo.cpp">
      <Filter>Demo</Filter>
    </ClCompile>
    <ClCompile Include="MeshDemo.cpp">
      <Filter>Demo</Filter>
    </ClCompile>
  </ItemGroup>
  <ItemGroup>
    <ClInclude Include="Main.h" />
    <ClInclude Include="stdafx.h" />
    <ClInclude Include="Converter.h">
      <Filter>Converter</Filter>
    </ClInclude>
    <ClInclude Include="Types.h" />
    <ClInclude Include="ExportFile.h">
      <Filter>Demo</Filter>
    </ClInclude>
    <ClInclude Include="ModelDemo.h">
      <Filter>Demo</Filter>
    </ClInclude>
    <ClInclude Include="AnimationDemo.h">
      <Filter>Demo</Filter>
    </ClInclude>
    <ClInclude Include="MeshDemo.h">
      <Filter>Demo</Filter>
    </ClInclude>
  </ItemGroup>
  <ItemGroup>
    <Filter Include="Converter">
      <UniqueIdentifier>{b5b82204-a970-47b4-853e-aaaab70b7d7a}</UniqueIdentifier>
    </Filter>
    <Filter Include="Demo">
      <UniqueIdentifier>{9388f59b-da55-4468-87fd-f3fceb5bc8ba}</UniqueIdentifier>
    </Filter>
  </ItemGroup>
</Project>